
Microsoft Visual Studio Solution File, Format Version 12.00
# Visual Studio Version 17
VisualStudioVersion = 17.9.34714.143
MinimumVisualStudioVersion = 10.0.40219.1
Project("{8BC9CEB8-8B4A-11D0-8D11-00A0C91BC942}") = "3Dpyramidproj", "3Dpyramidproj.vcxproj", "{DCE190AD-868C-4B86-9048-339A1279C46A}"
EndProject
Global
	GlobalSection(SolutionConfigurationPlatforms) = preSolution
		Debug|x64 = Debug|x64
		Debug|x86 = Debug|x86
		Release|x64 = Release|x64
		Release|x86 = Release|x86
	EndGlobalSection
	GlobalSection(ProjectConfigurationPlatforms) = postSolution
		{DCE190AD-868C-4B86-9048-339A1279C46A}.Debug|x64.ActiveCfg = Debug|x64
		{DCE190AD-868C-4B86-9048-339A1279C46A}.Debug|x64.Build.0 = Debug|x64
		{DCE190AD-868C-4B86-9048-339A1279C46A}.Debug|x86.ActiveCfg = Debug|Win32
		{DCE190AD-868C-4B86-9048-339A1279C46A}.Debug|x86.Build.0 = Debug|Win32
		{DCE190AD-868C-4B86-9048-339A1279C46A}.Release|x64.ActiveCfg = Release|x64
		{DCE190AD-868C-4B86-9048-339A1279C46A}.Release|x64.Build.0 = Release|x64
		{DCE190AD-868C-4B86-9048-339A1279C46A}.Release|x86.ActiveCfg = Release|Win32
		{DCE190AD-868C-4B86-9048-339A1279C46A}.Release|x86.Build.0 = Release|Win32
	EndGlobalSection
	GlobalSection(SolutionProperties) = preSolution
		HideSolutionNode = FALSE
	EndGlobalSection
	GlobalSection(ExtensibilityGlobals) = postSolution
		SolutionGuid = {F07293D9-02E0-4BCD-A550-C4C1702B0EFE}
	EndGlobalSection
EndGlobal
